# Windows CPython 3.13 x64 MyQuant SDK runtime.
# Official PyPI wheels; retain the deployed QMT numpy/pandas versions.
# Install with the registered runtime/qmt-py313/Scripts/python.exe:
# -m pip install --require-hashes --only-binary=:all: -r deploy/qmt_myquant_requirements.lock
gm==3.0.186 --hash=sha256:6ed61cce0ae79ff3ca9645fb9a2a520361c7c82cad2bc26dd047364d5a7bee65
protobuf==3.20.3 --hash=sha256:a7ca6d488aa8ff7f329d4c545b2dbad8ac31464f1d8b1c87ad1346717731e4db
typing==3.7.4.1 --hash=sha256:f38d83c5a7a7086543a0f649564d661859c5146a85775ab90c0d2f93ffaa9714
cachetools==5.5.0 --hash=sha256:02134e8439cdc2ffb62023ce1debca2944c3f289d66bb17ead3ab3dede74b292
setuptools==69.1.1 --hash=sha256:02fa291a0471b3a18b2b2481ed902af520c69e8ae0919c13da936542754b4c56
wheel==0.48.0 --hash=sha256:3217dcc807155e45db462d7ef2431f5ddda0d7273b700d05a67b271ceb1287ab
packaging==26.3 --hash=sha256:d7193f7c8e4e93f444fde0262bf90af30e16fa0ad0ad44cb553c87339b23cd1c
numpy==2.3.2 --hash=sha256:c63d95dc9d67b676e9108fe0d2182987ccb0f11933c1e8959f42fa0da8d4fa56
pandas==2.3.1 --hash=sha256:1c78cf43c8fde236342a1cb2c34bcff89564a7bfed7e474ed2fffa6aed03a956
python-dateutil==2.9.0.post0 --hash=sha256:a8b2bc7bffae282281c8140a97d3aa9c14da0b136dfe83f850eea9a5f7470427
pytz==2026.2 --hash=sha256:04156e608bee23d3792fd45c94ae47fae1036688e75032eea2e3bf0323d1f126
tzdata==2026.2 --hash=sha256:bbe9af844f658da81a5f95019480da3a89415801f6cc966806612cc7169bffe7
six==1.17.0 --hash=sha256:4721f391ed90541fddacab5acf947aa0d3dc7d27b2e1e8eda2be8970586c3274
